
Microsoft Visual Studio Solution File, Format Version 12.00
# Visual Studio Version 17
VisualStudioVersion = 17.0.31612.314
MinimumVisualStudioVersion = 10.0.40219.1
Project("{FAE04EC0-301F-11D3-BF4B-00C04F79EFBC}") = "MinimalAPI", "MinimalAPI\MinimalAPI.csproj", "{01DCBB44-47B7-4303-8407-7B7CC803644D}"
EndProject
Project("{FAE04EC0-301F-11D3-BF4B-00C04F79EFBC}") = "MinimalAPITweaked", "MinimalAPITweaked\MinimalAPITweaked.csproj", "{B4390340-239C-46A5-A839-EC4AFBB7DFBC}"
EndProject
Project("{FAE04EC0-301F-11D3-BF4B-00C04F79EFBC}") = "RegularAPINET6", "RegularAPINET6\RegularAPINET6.csproj", "{3079B038-BD63-4A33-BD70-DDF1CBFB1F44}"
EndProject
Project("{FAE04EC0-301F-11D3-BF4B-00C04F79EFBC}") = "RegularAPINET5", "RegularAPINET5\RegularAPINET5.csproj", "{2512C29E-B472-4512-B374-B2E836C76531}"
EndProject
Project("{FAE04EC0-301F-11D3-BF4B-00C04F79EFBC}") = "MinimalAPISample", "MinimalAPISample\MinimalAPISample.csproj", "{A0AF3630-1760-4F3D-9A41-1D9DA56DBB4B}"
EndProject
Project("{FAE04EC0-301F-11D3-BF4B-00C04F79EFBC}") = "PerformanceComparison", "PerformanceComparison\PerformanceComparison.csproj", "{C6A1C87E-4DC6-4668-AB93-4CBE2A5CE1EA}"
EndProject
Global
	GlobalSection(SolutionConfigurationPlatforms) = preSolution
		Debug|Any CPU = Debug|Any CPU
		Release|Any CPU = Release|Any CPU
	EndGlobalSection
	GlobalSection(ProjectConfigurationPlatforms) = postSolution
		{01DCBB44-47B7-4303-8407-7B7CC803644D}.Debug|Any CPU.ActiveCfg = Debug|Any CPU
		{01DCBB44-47B7-4303-8407-7B7CC803644D}.Debug|Any CPU.Build.0 = Debug|Any CPU
		{01DCBB44-47B7-4303-8407-7B7CC803644D}.Release|Any CPU.ActiveCfg = Release|Any CPU
		{01DCBB44-47B7-4303-8407-7B7CC803644D}.Release|Any CPU.Build.0 = Release|Any CPU
		{B4390340-239C-46A5-A839-EC4AFBB7DFBC}.Debug|Any CPU.ActiveCfg = Debug|Any CPU
		{B4390340-239C-46A5-A839-EC4AFBB7DFBC}.Debug|Any CPU.Build.0 = Debug|Any CPU
		{B4390340-239C-46A5-A839-EC4AFBB7DFBC}.Release|Any CPU.ActiveCfg = Release|Any CPU
		{B4390340-239C-46A5-A839-EC4AFBB7DFBC}.Release|Any CPU.Build.0 = Release|Any CPU
		{3079B038-BD63-4A33-BD70-DDF1CBFB1F44}.Debug|Any CPU.ActiveCfg = Debug|Any CPU
		{3079B038-BD63-4A33-BD70-DDF1CBFB1F44}.Debug|Any CPU.Build.0 = Debug|Any CPU
		{3079B038-BD63-4A33-BD70-DDF1CBFB1F44}.Release|Any CPU.ActiveCfg = Release|Any CPU
		{3079B038-BD63-4A33-BD70-DDF1CBFB1F44}.Release|Any CPU.Build.0 = Release|Any CPU
		{2512C29E-B472-4512-B374-B2E836C76531}.Debug|Any CPU.ActiveCfg = Debug|Any CPU
		{2512C29E-B472-4512-B374-B2E836C76531}.Debug|Any CPU.Build.0 = Debug|Any CPU
		{2512C29E-B472-4512-B374-B2E836C76531}.Release|Any CPU.ActiveCfg = Release|Any CPU
		{2512C29E-B472-4512-B374-B2E836C76531}.Release|Any CPU.Build.0 = Release|Any CPU
		{A0AF3630-1760-4F3D-9A41-1D9DA56DBB4B}.Debug|Any CPU.ActiveCfg = Debug|Any CPU
		{A0AF3630-1760-4F3D-9A41-1D9DA56DBB4B}.Debug|Any CPU.Build.0 = Debug|Any CPU
		{A0AF3630-1760-4F3D-9A41-1D9DA56DBB4B}.Release|Any CPU.ActiveCfg = Release|Any CPU
		{A0AF3630-1760-4F3D-9A41-1D9DA56DBB4B}.Release|Any CPU.Build.0 = Release|Any CPU
		{C6A1C87E-4DC6-4668-AB93-4CBE2A5CE1EA}.Debug|Any CPU.ActiveCfg = Debug|Any CPU
		{C6A1C87E-4DC6-4668-AB93-4CBE2A5CE1EA}.Debug|Any CPU.Build.0 = Debug|Any CPU
		{C6A1C87E-4DC6-4668-AB93-4CBE2A5CE1EA}.Release|Any CPU.ActiveCfg = Release|Any CPU
		{C6A1C87E-4DC6-4668-AB93-4CBE2A5CE1EA}.Release|Any CPU.Build.0 = Release|Any CPU
	EndGlobalSection
	GlobalSection(SolutionProperties) = preSolution
		HideSolutionNode = FALSE
	EndGlobalSection
	GlobalSection(ExtensibilityGlobals) = postSolution
		SolutionGuid = {DE44E454-0470-44DE-8CAF-43494DF05771}
	EndGlobalSection
EndGlobal
